{
  "originHash" : "abeba516db8c3c04b74fce8cd91bfa36fbfe1546de6415318f52639137b30d10",
  "pins" : [
    {
      "identity" : "adsglobalpackage",
      "kind" : "remoteSourceControl",
      "location" : "https://github.com/bytedance/AdsGlobalPackage",
      "state" : {
        "revision" : "e0ddb54593eee5089165667f7d34d48ce65eedfe",
        "version" : "8.1.0-release.6"
      }
    },
    {
      "identity" : "applovin-max-swift-package",
      "kind" : "remoteSourceControl",
      "location" : "https://github.com/AppLovin/AppLovin-MAX-Swift-Package",
      "state" : {
        "revision" : "ab755a46ff19a9a578e709aeee49653a9239f225",
        "version" : "13.6.3"
      }
    },
    {
      "identity" : "appmetrica-sdk-ios",
      "kind" : "remoteSourceControl",
      "location" : "https://github.com/appmetrica/appmetrica-sdk-ios",
      "state" : {
        "revision" : "a00b57ca0ceadd8a838b1d78584999308fcbded0",
        "version" : "6.3.0"
      }
    },
    {
      "identity" : "atom",
      "kind" : "remoteSourceControl",
      "location" : "https://github.com/pubnative/ATOM.git",
      "state" : {
        "revision" : "07be7b4f175035e6c6b72f564ac1a59380fdc981",
        "version" : "3.9.0"
      }
    },
    {
      "identity" : "cas-ios",
      "kind" : "remoteSourceControl",
      "location" : "https://github.com/cleveradssolutions/CAS-iOS",
      "state" : {
        "revision" : "483c4c6cfc9a238b4c15ed1a5cc51e15025f7df8",
        "version" : "4.7.4"
      }
    },
    {
      "identity" : "diosdk",
      "kind" : "remoteSourceControl",
      "location" : "https://github.com/displayio/DIOSDK",
      "state" : {
        "revision" : "bca9e6503ebbeaf03aa502555887ff89ccc8609f",
        "version" : "4.7.3"
      }
    },
    {
      "identity" : "fbaudiencenetwork",
      "kind" : "remoteSourceControl",
      "location" : "https://github.com/facebook/FBAudienceNetwork",
      "state" : {
        "revision" : "26100d29de1cdb6753d7c602391f6fc6d29f6507",
        "version" : "6.22.0"
      }
    },
    {
      "identity" : "hybid-ios-spm-sdk",
      "kind" : "remoteSourceControl",
      "location" : "https://github.com/vervegroup/hybid-ios-spm-sdk",
      "state" : {
        "revision" : "0eb2bc48c953900ae2114dcd80188e0f4d1815ee",
        "version" : "3.8.1"
      }
    },
    {
      "identity" : "kidoz-sdk-swift-package",
      "kind" : "remoteSourceControl",
      "location" : "https://github.com/Kidoz-SDK/kidoz-sdk-swift-package",
      "state" : {
        "revision" : "a9b1f95992ade5997de5b5cd75099afc864c3c02",
        "version" : "10.1.5"
      }
    },
    {
      "identity" : "kscrash",
      "kind" : "remoteSourceControl",
      "location" : "https://github.com/kstenerud/KSCrash",
      "state" : {
        "revision" : "95a8895d75f3c22aa9ad9f2a15d2fbd97b0a55e2",
        "version" : "2.5.1"
      }
    },
    {
      "identity" : "mintegraladsdk-swift-package",
      "kind" : "remoteSourceControl",
      "location" : "https://github.com/Mintegral-official/MintegralAdSDK-Swift-Package",
      "state" : {
        "revision" : "85766287bfef7536a6da5ba101dc4da1d9d0cbc1",
        "version" : "8.1.5"
      }
    },
    {
      "identity" : "ogury-sdk-spm",
      "kind" : "remoteSourceControl",
      "location" : "https://github.com/Ogury/ogury-sdk-spm",
      "state" : {
        "revision" : "13cbb47f4829b0acdedd74b5227e3c5a56d306a0",
        "version" : "5.2.3"
      }
    },
    {
      "identity" : "openwrapsdk-swift-package",
      "kind" : "remoteSourceControl",
      "location" : "https://github.com/PubMatic/OpenWrapSDK-Swift-Package",
      "state" : {
        "revision" : "580ccd7d8f966a2bfd2614a88a44bc1a13419b1f",
        "version" : "5.1.1"
      }
    },
    {
      "identity" : "prado-sdk-swift-package",
      "kind" : "remoteSourceControl",
      "location" : "https://github.com/Prado-SDK/prado-sdk-swift-package",
      "state" : {
        "revision" : "883fb4eeb4857b93d211e223e3d1d3ece701f2db",
        "version" : "10.1.5"
      }
    },
    {
      "identity" : "startappsdk-swiftpackage",
      "kind" : "remoteSourceControl",
      "location" : "https://github.com/StartApp-SDK/StartAppSDK-SwiftPackage",
      "state" : {
        "revision" : "10be293322c77ecad93eaff06a72a60132cc6bb2",
        "version" : "4.13.0"
      }
    },
    {
      "identity" : "swift-asn1",
      "kind" : "remoteSourceControl",
      "location" : "https://github.com/apple/swift-asn1.git",
      "state" : {
        "revision" : "a9a5efd40eaf558a2bcd48d64b1d1646be686008",
        "version" : "1.7.1"
      }
    },
    {
      "identity" : "swift-atomics",
      "kind" : "remoteSourceControl",
      "location" : "https://github.com/apple/swift-atomics.git",
      "state" : {
        "revision" : "0442cb5a3f98ab802acb777929fdb446bda11a34",
        "version" : "1.3.1"
      }
    },
    {
      "identity" : "swift-collections",
      "kind" : "remoteSourceControl",
      "location" : "https://github.com/apple/swift-collections.git",
      "state" : {
        "revision" : "a0cb0954ecb21e4e31b0070e6ed5674e8556685a",
        "version" : "1.6.0"
      }
    },
    {
      "identity" : "swift-crypto",
      "kind" : "remoteSourceControl",
      "location" : "https://github.com/apple/swift-crypto.git",
      "state" : {
        "revision" : "47d3869a7291f085c1fb9fb1e6d3b97a793f45c6",
        "version" : "4.5.1"
      }
    },
    {
      "identity" : "swift-nio",
      "kind" : "remoteSourceControl",
      "location" : "https://github.com/apple/swift-nio.git",
      "state" : {
        "revision" : "a931f2c1de8dd49381ce3bf2e279d033f68d8865",
        "version" : "2.102.0"
      }
    },
    {
      "identity" : "swift-nio-ssh",
      "kind" : "remoteSourceControl",
      "location" : "https://github.com/apple/swift-nio-ssh.git",
      "state" : {
        "revision" : "3ec281496f28a3b6581afd946b759e2642f5cd8d",
        "version" : "0.15.0"
      }
    },
    {
      "identity" : "swift-package-manager-google-mobile-ads",
      "kind" : "remoteSourceControl",
      "location" : "https://github.com/googleads/swift-package-manager-google-mobile-ads",
      "state" : {
        "revision" : "e2b1c31cdf11cb4b57b4e70ae4c313d4e48c444a",
        "version" : "13.3.0"
      }
    },
    {
      "identity" : "swift-package-manager-google-user-messaging-platform",
      "kind" : "remoteSourceControl",
      "location" : "https://github.com/googleads/swift-package-manager-google-user-messaging-platform.git",
      "state" : {
        "revision" : "13b248eaa73b7826f0efb1bcf455e251d65ecb1b",
        "version" : "3.1.0"
      }
    },
    {
      "identity" : "swift-system",
      "kind" : "remoteSourceControl",
      "location" : "https://github.com/apple/swift-system.git",
      "state" : {
        "revision" : "869129b7bf4ecc57b97d0193ad29690ca2134750",
        "version" : "1.8.1"
      }
    },
    {
      "identity" : "vungleadssdk-swiftpackagemanager",
      "kind" : "remoteSourceControl",
      "location" : "https://github.com/Vungle/VungleAdsSDK-SwiftPackageManager",
      "state" : {
        "revision" : "2ede5c7e5cb5407a73bfa6c74e495866080ba1ab",
        "version" : "7.7.4"
      }
    }
  ],
  "version" : 3
}
