// !$*UTF8*$!
{
	archiveVersion = 1;
	classes = {
	};
	objectVersion = 71;
	objects = {

/* Begin PBXBuildFile section */
		A10000010000000000000001 /* SSH2VPNApp.swift in Sources */ = {isa = PBXBuildFile; fileRef = A20000010000000000000001 /* SSH2VPNApp.swift */; };
		A10000010000000000000002 /* Localization.swift in Sources */ = {isa = PBXBuildFile; fileRef = A20000010000000000000002 /* Localization.swift */; };
		A10000010000000000000003 /* RootView.swift in Sources */ = {isa = PBXBuildFile; fileRef = A20000010000000000000003 /* RootView.swift */; };
		A10000010000000000000004 /* PacketTunnelProvider.swift in Sources */ = {isa = PBXBuildFile; fileRef = A20000010000000000000004 /* PacketTunnelProvider.swift */; };
		A10000010000000000000005 /* PacketTunnel.appex in Embed Foundation Extensions */ = {isa = PBXBuildFile; fileRef = A20000010000000000000008 /* PacketTunnel.appex */; settings = {ATTRIBUTES = (RemoveHeadersOnCopy, ); }; };
		A10000010000000000000006 /* Copy.swift in Sources */ = {isa = PBXBuildFile; fileRef = A20000010000000000000011 /* Copy.swift */; };
		A10000010000000000000017 /* PacketTunnelPacketLoop.swift in Sources */ = {isa = PBXBuildFile; fileRef = A20000010000000000000018 /* PacketTunnelPacketLoop.swift */; };
		A10000010000000000000018 /* KeychainStore.swift in Sources */ = {isa = PBXBuildFile; fileRef = A20000010000000000000019 /* KeychainStore.swift */; };
		A10000010000000000000019 /* KeychainStore.swift in Sources */ = {isa = PBXBuildFile; fileRef = A20000010000000000000019 /* KeychainStore.swift */; };
		A10000010000000000000020 /* Assets.xcassets in Resources */ = {isa = PBXBuildFile; fileRef = A20000010000000000000021 /* Assets.xcassets */; };
		A10000010000000000000030 /* opensans_regular.ttf in Resources */ = {isa = PBXBuildFile; fileRef = A20000010000000000000030 /* opensans_regular.ttf */; };
		A10000010000000000000031 /* opensans_bold.ttf in Resources */ = {isa = PBXBuildFile; fileRef = A20000010000000000000031 /* opensans_bold.ttf */; };
		A10000010000000000000032 /* opensans_semibold.ttf in Resources */ = {isa = PBXBuildFile; fileRef = A20000010000000000000032 /* opensans_semibold.ttf */; };
		A10000010000000000000033 /* opensans_medium.ttf in Resources */ = {isa = PBXBuildFile; fileRef = A20000010000000000000033 /* opensans_medium.ttf */; };
		A10000010000000000000034 /* opensans_light.ttf in Resources */ = {isa = PBXBuildFile; fileRef = A20000010000000000000034 /* opensans_light.ttf */; };
		A10000010000000000000040 /* ServerMetadataResolver.swift in Sources */ = {isa = PBXBuildFile; fileRef = A20000010000000000000040 /* ServerMetadataResolver.swift */; };
		A10000010000000000000041 /* HackerConsoleSidebarView.swift in Sources */ = {isa = PBXBuildFile; fileRef = A20000010000000000000041 /* HackerConsoleSidebarView.swift */; };
		A10000010000000000000042 /* StoreManager.swift in Sources */ = {isa = PBXBuildFile; fileRef = A20000010000000000000042 /* StoreManager.swift */; };
		A10000010000000000000043 /* DocsView.swift in Sources */ = {isa = PBXBuildFile; fileRef = A20000010000000000000043 /* DocsView.swift */; };
		A10000010000000000000044 /* Docs/index.html in Resources */ = {isa = PBXBuildFile; fileRef = A20000010000000000000044 /* Docs/index.html */; };
		A10000010000000000000045 /* PaywallView.swift in Sources */ = {isa = PBXBuildFile; fileRef = A20000010000000000000045 /* PaywallView.swift */; };
		A10000010000000000000046 /* AddServerChooserView.swift in Sources */ = {isa = PBXBuildFile; fileRef = A20000010000000000000046 /* AddServerChooserView.swift */; };
		A10000010000000000000047 /* ImportCredentialsView.swift in Sources */ = {isa = PBXBuildFile; fileRef = A20000010000000000000047 /* ImportCredentialsView.swift */; };
		A10000010000000000000048 /* Docs/terms.html in Resources */ = {isa = PBXBuildFile; fileRef = A20000010000000000000048 /* Docs/terms.html */; };
		A10000010000000000000049 /* Docs/privacy.html in Resources */ = {isa = PBXBuildFile; fileRef = A20000010000000000000049 /* Docs/privacy.html */; };
		A10000010000000000000051 /* AdsManager.swift in Sources */ = {isa = PBXBuildFile; fileRef = A20000010000000000000051 /* AdsManager.swift */; };
		A10000010000000000000052 /* Docs/logo.png in Resources */ = {isa = PBXBuildFile; fileRef = A20000010000000000000052 /* Docs/logo.png */; };
		A10000010000000000000053 /* PrivacyInfo.xcprivacy in Resources */ = {isa = PBXBuildFile; fileRef = A20000010000000000000053 /* PrivacyInfo.xcprivacy */; };
		A10000010000000000000054 /* PrivacyInfo.xcprivacy in Resources */ = {isa = PBXBuildFile; fileRef = A20000010000000000000053 /* PrivacyInfo.xcprivacy */; };
		A10000010000000000000055 /* Docs/shot-connected.png in Resources */ = {isa = PBXBuildFile; fileRef = A20000010000000000000055 /* Docs/shot-connected.png */; };
		A10000010000000000000060 /* InfoPlist.strings in Resources */ = {isa = PBXBuildFile; fileRef = A20000010000000000000060 /* InfoPlist.strings */; };
		A1000001000000000000009A /* CopyDNS.swift in Sources */ = {isa = PBXBuildFile; fileRef = A2000001000000000000009B /* CopyDNS.swift */; };
		C30000010000000000000001 /* VPNCore in Frameworks */ = {isa = PBXBuildFile; productRef = C10000010000000000000004 /* VPNCore */; };
		C30000010000000000000003 /* VPNCore in Frameworks */ = {isa = PBXBuildFile; productRef = C10000010000000000000004 /* VPNCore */; };
		C30000010000000000000020 /* GoogleMobileAds in Frameworks */ = {isa = PBXBuildFile; productRef = C10000010000000000000020 /* GoogleMobileAds */; };
		E70000010000000000000002 /* GatewayScript.swift in Sources */ = {isa = PBXBuildFile; fileRef = E70000010000000000000001 /* GatewayScript.swift */; };
/* End PBXBuildFile section */

/* Begin PBXContainerItemProxy section */
		A30000010000000000000001 /* PBXContainerItemProxy */ = {
			isa = PBXContainerItemProxy;
			containerPortal = A40000010000000000000001 /* Project object */;
			proxyType = 1;
			remoteGlobalIDString = A50000010000000000000002;
			remoteInfo = PacketTunnel;
		};
/* End PBXContainerItemProxy section */

/* Begin PBXCopyFilesBuildPhase section */
		A60000010000000000000001 /* Embed Foundation Extensions */ = {
			isa = PBXCopyFilesBuildPhase;
			buildActionMask = 2147483647;
			dstPath = "";
			dstSubfolderSpec = 13;
			files = (
				A10000010000000000000005 /* PacketTunnel.appex in Embed Foundation Extensions */,
			);
			name = "Embed Foundation Extensions";
			runOnlyForDeploymentPostprocessing = 0;
		};
/* End PBXCopyFilesBuildPhase section */

/* Begin PBXFileReference section */
		A20000010000000000000001 /* SSH2VPNApp.swift */ = {isa = PBXFileReference; lastKnownFileType = sourcecode.swift; path = SSH2VPNApp.swift; sourceTree = "<group>"; };
		A20000010000000000000002 /* Localization.swift */ = {isa = PBXFileReference; lastKnownFileType = sourcecode.swift; path = Localization.swift; sourceTree = "<group>"; };
		A20000010000000000000003 /* RootView.swift */ = {isa = PBXFileReference; lastKnownFileType = sourcecode.swift; path = RootView.swift; sourceTree = "<group>"; };
		A20000010000000000000004 /* PacketTunnelProvider.swift */ = {isa = PBXFileReference; lastKnownFileType = sourcecode.swift; path = PacketTunnelProvider.swift; sourceTree = "<group>"; };
		A20000010000000000000005 /* Info.plist */ = {isa = PBXFileReference; lastKnownFileType = text.plist.xml; path = Info.plist; sourceTree = "<group>"; };
		A20000010000000000000006 /* PacketTunnel-Info.plist */ = {isa = PBXFileReference; lastKnownFileType = text.plist.xml; path = "PacketTunnel-Info.plist"; sourceTree = "<group>"; };
		A20000010000000000000007 /* SSH2VPN.app */ = {isa = PBXFileReference; explicitFileType = wrapper.application; includeInIndex = 0; path = SSH2VPN.app; sourceTree = BUILT_PRODUCTS_DIR; };
		A20000010000000000000008 /* PacketTunnel.appex */ = {isa = PBXFileReference; explicitFileType = "wrapper.app-extension"; includeInIndex = 0; path = PacketTunnel.appex; sourceTree = BUILT_PRODUCTS_DIR; };
		A20000010000000000000009 /* SSH2VPN.entitlements */ = {isa = PBXFileReference; lastKnownFileType = text.plist.entitlements; path = SSH2VPN.entitlements; sourceTree = "<group>"; };
		A20000010000000000000010 /* SSH2VPNPacketTunnel.entitlements */ = {isa = PBXFileReference; lastKnownFileType = text.plist.entitlements; path = SSH2VPNPacketTunnel.entitlements; sourceTree = "<group>"; };
		A20000010000000000000011 /* Copy.swift */ = {isa = PBXFileReference; lastKnownFileType = sourcecode.swift; path = Copy.swift; sourceTree = "<group>"; };
		A20000010000000000000012 /* ../Sources/VPNCore/TransportFrame.swift */ = {isa = PBXFileReference; lastKnownFileType = sourcecode.swift; path = ../Sources/VPNCore/TransportFrame.swift; sourceTree = "<group>"; };
		A20000010000000000000013 /* ../Sources/VPNCore/ConnectionStateMachine.swift */ = {isa = PBXFileReference; lastKnownFileType = sourcecode.swift; path = ../Sources/VPNCore/ConnectionStateMachine.swift; sourceTree = "<group>"; };
		A20000010000000000000014 /* ../Sources/VPNCore/FlowRouter.swift */ = {isa = PBXFileReference; lastKnownFileType = sourcecode.swift; path = ../Sources/VPNCore/FlowRouter.swift; sourceTree = "<group>"; };
		A20000010000000000000015 /* ../Sources/VPNCore/IPPacket.swift */ = {isa = PBXFileReference; lastKnownFileType = sourcecode.swift; path = ../Sources/VPNCore/IPPacket.swift; sourceTree = "<group>"; };
		A20000010000000000000016 /* ../Sources/VPNCore/SSHTransport.swift */ = {isa = PBXFileReference; lastKnownFileType = sourcecode.swift; path = ../Sources/VPNCore/SSHTransport.swift; sourceTree = "<group>"; };
		A20000010000000000000017 /* ../Sources/VPNCore/SSHFrameCodec.swift */ = {isa = PBXFileReference; lastKnownFileType = sourcecode.swift; path = ../Sources/VPNCore/SSHFrameCodec.swift; sourceTree = "<group>"; };
		A20000010000000000000018 /* PacketTunnelPacketLoop.swift */ = {isa = PBXFileReference; lastKnownFileType = sourcecode.swift; path = PacketTunnelPacketLoop.swift; sourceTree = "<group>"; };
		A20000010000000000000019 /* KeychainStore.swift */ = {isa = PBXFileReference; lastKnownFileType = sourcecode.swift; path = KeychainStore.swift; sourceTree = "<group>"; };
		A20000010000000000000020 /* ../Sources/VPNCore/SessionHandshake.swift */ = {isa = PBXFileReference; lastKnownFileType = sourcecode.swift; path = ../Sources/VPNCore/SessionHandshake.swift; sourceTree = "<group>"; };
		A20000010000000000000021 /* Assets.xcassets */ = {isa = PBXFileReference; lastKnownFileType = folder.assetcatalog; path = Assets.xcassets; sourceTree = "<group>"; };
		A20000010000000000000030 /* opensans_regular.ttf */ = {isa = PBXFileReference; lastKnownFileType = font; path = opensans_regular.ttf; sourceTree = "<group>"; };
		A20000010000000000000031 /* opensans_bold.ttf */ = {isa = PBXFileReference; lastKnownFileType = font; path = opensans_bold.ttf; sourceTree = "<group>"; };
		A20000010000000000000032 /* opensans_semibold.ttf */ = {isa = PBXFileReference; lastKnownFileType = font; path = opensans_semibold.ttf; sourceTree = "<group>"; };
		A20000010000000000000033 /* opensans_medium.ttf */ = {isa = PBXFileReference; lastKnownFileType = font; path = opensans_medium.ttf; sourceTree = "<group>"; };
		A20000010000000000000034 /* opensans_light.ttf */ = {isa = PBXFileReference; lastKnownFileType = font; path = opensans_light.ttf; sourceTree = "<group>"; };
		A20000010000000000000040 /* ServerMetadataResolver.swift */ = {isa = PBXFileReference; lastKnownFileType = sourcecode.swift; path = ServerMetadataResolver.swift; sourceTree = "<group>"; };
		A20000010000000000000041 /* HackerConsoleSidebarView.swift */ = {isa = PBXFileReference; lastKnownFileType = sourcecode.swift; path = HackerConsoleSidebarView.swift; sourceTree = "<group>"; };
		A20000010000000000000042 /* StoreManager.swift */ = {isa = PBXFileReference; lastKnownFileType = sourcecode.swift; path = StoreManager.swift; sourceTree = "<group>"; };
		A20000010000000000000043 /* DocsView.swift */ = {isa = PBXFileReference; lastKnownFileType = sourcecode.swift; path = DocsView.swift; sourceTree = "<group>"; };
		A20000010000000000000044 /* Docs/index.html */ = {isa = PBXFileReference; lastKnownFileType = text.html; path = Docs/index.html; sourceTree = "<group>"; };
		A20000010000000000000045 /* PaywallView.swift */ = {isa = PBXFileReference; lastKnownFileType = sourcecode.swift; path = PaywallView.swift; sourceTree = "<group>"; };
		A20000010000000000000046 /* AddServerChooserView.swift */ = {isa = PBXFileReference; lastKnownFileType = sourcecode.swift; path = AddServerChooserView.swift; sourceTree = "<group>"; };
		A20000010000000000000047 /* ImportCredentialsView.swift */ = {isa = PBXFileReference; lastKnownFileType = sourcecode.swift; path = ImportCredentialsView.swift; sourceTree = "<group>"; };
		A20000010000000000000048 /* Docs/terms.html */ = {isa = PBXFileReference; lastKnownFileType = text.html; path = Docs/terms.html; sourceTree = "<group>"; };
		A20000010000000000000049 /* Docs/privacy.html */ = {isa = PBXFileReference; lastKnownFileType = text.html; path = Docs/privacy.html; sourceTree = "<group>"; };
		A20000010000000000000050 /* StoreKitConfig.storekit */ = {isa = PBXFileReference; lastKnownFileType = text.json; path = StoreKitConfig.storekit; sourceTree = "<group>"; };
		A20000010000000000000051 /* AdsManager.swift */ = {isa = PBXFileReference; lastKnownFileType = sourcecode.swift; path = AdsManager.swift; sourceTree = "<group>"; };
		A20000010000000000000052 /* Docs/logo.png */ = {isa = PBXFileReference; lastKnownFileType = image.png; path = Docs/logo.png; sourceTree = "<group>"; };
		A20000010000000000000053 /* PrivacyInfo.xcprivacy */ = {isa = PBXFileReference; lastKnownFileType = text.xml; path = PrivacyInfo.xcprivacy; sourceTree = "<group>"; };
		A20000010000000000000055 /* Docs/shot-connected.png */ = {isa = PBXFileReference; lastKnownFileType = image.png; path = "Docs/shot-connected.png"; sourceTree = "<group>"; };
		A20000010000000000000061 /* en */ = {isa = PBXFileReference; lastKnownFileType = text.plist.strings; name = en; path = en.lproj/InfoPlist.strings; sourceTree = "<group>"; };
		A20000010000000000000062 /* ru */ = {isa = PBXFileReference; lastKnownFileType = text.plist.strings; name = ru; path = ru.lproj/InfoPlist.strings; sourceTree = "<group>"; };
		A20000010000000000000063 /* es */ = {isa = PBXFileReference; lastKnownFileType = text.plist.strings; name = es; path = es.lproj/InfoPlist.strings; sourceTree = "<group>"; };
		A20000010000000000000064 /* de */ = {isa = PBXFileReference; lastKnownFileType = text.plist.strings; name = de; path = de.lproj/InfoPlist.strings; sourceTree = "<group>"; };
		A20000010000000000000065 /* fr */ = {isa = PBXFileReference; lastKnownFileType = text.plist.strings; name = fr; path = fr.lproj/InfoPlist.strings; sourceTree = "<group>"; };
		A20000010000000000000066 /* it */ = {isa = PBXFileReference; lastKnownFileType = text.plist.strings; name = it; path = it.lproj/InfoPlist.strings; sourceTree = "<group>"; };
		A20000010000000000000067 /* pt-BR */ = {isa = PBXFileReference; lastKnownFileType = text.plist.strings; name = "pt-BR"; path = "pt-BR.lproj/InfoPlist.strings"; sourceTree = "<group>"; };
		A20000010000000000000068 /* ja */ = {isa = PBXFileReference; lastKnownFileType = text.plist.strings; name = ja; path = ja.lproj/InfoPlist.strings; sourceTree = "<group>"; };
		A20000010000000000000069 /* zh-Hans */ = {isa = PBXFileReference; lastKnownFileType = text.plist.strings; name = "zh-Hans"; path = "zh-Hans.lproj/InfoPlist.strings"; sourceTree = "<group>"; };
		A2000001000000000000006A /* ko */ = {isa = PBXFileReference; lastKnownFileType = text.plist.strings; name = ko; path = ko.lproj/InfoPlist.strings; sourceTree = "<group>"; };
		A2000001000000000000006B /* ar */ = {isa = PBXFileReference; lastKnownFileType = text.plist.strings; name = ar; path = ar.lproj/InfoPlist.strings; sourceTree = "<group>"; };
		A2000001000000000000006C /* hi */ = {isa = PBXFileReference; lastKnownFileType = text.plist.strings; name = hi; path = hi.lproj/InfoPlist.strings; sourceTree = "<group>"; };
		A2000001000000000000006D /* th */ = {isa = PBXFileReference; lastKnownFileType = text.plist.strings; name = th; path = th.lproj/InfoPlist.strings; sourceTree = "<group>"; };
		A2000001000000000000006E /* tr */ = {isa = PBXFileReference; lastKnownFileType = text.plist.strings; name = tr; path = tr.lproj/InfoPlist.strings; sourceTree = "<group>"; };
		A2000001000000000000006F /* pl */ = {isa = PBXFileReference; lastKnownFileType = text.plist.strings; name = pl; path = pl.lproj/InfoPlist.strings; sourceTree = "<group>"; };
		A20000010000000000000070 /* nl */ = {isa = PBXFileReference; lastKnownFileType = text.plist.strings; name = nl; path = nl.lproj/InfoPlist.strings; sourceTree = "<group>"; };
		A20000010000000000000071 /* vi */ = {isa = PBXFileReference; lastKnownFileType = text.plist.strings; name = vi; path = vi.lproj/InfoPlist.strings; sourceTree = "<group>"; };
		A2000001000000000000009B /* CopyDNS.swift */ = {isa = PBXFileReference; lastKnownFileType = sourcecode.swift; path = CopyDNS.swift; sourceTree = "<group>"; };
		C40000010000000000000001 /* ../Gateway/gateway.py */ = {isa = PBXFileReference; lastKnownFileType = text.script.python; path = ../Gateway/gateway.py; sourceTree = "<group>"; };
		E70000010000000000000001 /* GatewayScript.swift */ = {isa = PBXFileReference; lastKnownFileType = sourcecode.swift; path = GatewayScript.swift; sourceTree = "<group>"; };
/* End PBXFileReference section */

/* Begin PBXFrameworksBuildPhase section */
		A60000010000000000000002 /* Frameworks */ = {
			isa = PBXFrameworksBuildPhase;
			buildActionMask = 2147483647;
			files = (
				C30000010000000000000003 /* VPNCore in Frameworks */,
				C30000010000000000000020 /* GoogleMobileAds in Frameworks */,
			);
			runOnlyForDeploymentPostprocessing = 0;
		};
		A60000010000000000000003 /* Frameworks */ = {
			isa = PBXFrameworksBuildPhase;
			buildActionMask = 2147483647;
			files = (
				C30000010000000000000001 /* VPNCore in Frameworks */,
			);
			runOnlyForDeploymentPostprocessing = 0;
		};
/* End PBXFrameworksBuildPhase section */

/* Begin PBXGroup section */
		A70000010000000000000001 = {
			isa = PBXGroup;
			children = (
				A70000010000000000000002 /* App */,
				A70000010000000000000003 /* App */,
				A70000010000000000000004 /* Products */,
				A70000010000000000000005 /* Sources */,
				A70000010000000000000006 /* Tests */,
				A70000010000000000000007 /* Frameworks */,
			);
			sourceTree = "<group>";
		};
		A70000010000000000000002 /* App */ = {
			isa = PBXGroup;
			children = (
				A20000010000000000000001 /* SSH2VPNApp.swift */,
				A20000010000000000000002 /* Localization.swift */,
				A20000010000000000000003 /* RootView.swift */,
				A20000010000000000000040 /* ServerMetadataResolver.swift */,
				A20000010000000000000041 /* HackerConsoleSidebarView.swift */,
				A20000010000000000000042 /* StoreManager.swift */,
				A20000010000000000000043 /* DocsView.swift */,
				A20000010000000000000045 /* PaywallView.swift */,
				A20000010000000000000046 /* AddServerChooserView.swift */,
				A20000010000000000000047 /* ImportCredentialsView.swift */,
				A20000010000000000000051 /* AdsManager.swift */,
				A20000010000000000000044 /* Docs/index.html */,
				A20000010000000000000053 /* PrivacyInfo.xcprivacy */,
				A20000010000000000000052 /* Docs/logo.png */,
				A20000010000000000000055 /* Docs/shot-connected.png */,
				A20000010000000000000060 /* InfoPlist.strings */,
				A20000010000000000000049 /* Docs/privacy.html */,
				A20000010000000000000048 /* Docs/terms.html */,
				A20000010000000000000050 /* StoreKitConfig.storekit */,
				A20000010000000000000005 /* Info.plist */,
				A20000010000000000000009 /* SSH2VPN.entitlements */,
				A20000010000000000000011 /* Copy.swift */,
				A2000001000000000000009B /* CopyDNS.swift */,
				A20000010000000000000019 /* KeychainStore.swift */,
				A20000010000000000000021 /* Assets.xcassets */,
				A20000010000000000000030 /* opensans_regular.ttf */,
				A20000010000000000000034 /* opensans_light.ttf */,
				A20000010000000000000031 /* opensans_bold.ttf */,
				A20000010000000000000032 /* opensans_semibold.ttf */,
				A20000010000000000000033 /* opensans_medium.ttf */,
			);
			path = App;
			sourceTree = "<group>";
		};
		A70000010000000000000003 /* App */ = {
			isa = PBXGroup;
			children = (
				A20000010000000000000004 /* PacketTunnelProvider.swift */,
				E70000010000000000000001 /* GatewayScript.swift */,
				A20000010000000000000006 /* PacketTunnel-Info.plist */,
				A20000010000000000000010 /* SSH2VPNPacketTunnel.entitlements */,
				A20000010000000000000018 /* PacketTunnelPacketLoop.swift */,
				A20000010000000000000012 /* ../Sources/VPNCore/TransportFrame.swift */,
				A20000010000000000000013 /* ../Sources/VPNCore/ConnectionStateMachine.swift */,
				A20000010000000000000014 /* ../Sources/VPNCore/FlowRouter.swift */,
				A20000010000000000000015 /* ../Sources/VPNCore/IPPacket.swift */,
				A20000010000000000000016 /* ../Sources/VPNCore/SSHTransport.swift */,
				A20000010000000000000017 /* ../Sources/VPNCore/SSHFrameCodec.swift */,
				A20000010000000000000020 /* ../Sources/VPNCore/SessionHandshake.swift */,
				C40000010000000000000001 /* ../Gateway/gateway.py */,
			);
			path = App;
			sourceTree = "<group>";
		};
		A70000010000000000000004 /* Products */ = {
			isa = PBXGroup;
			children = (
				A20000010000000000000007 /* SSH2VPN.app */,
				A20000010000000000000008 /* PacketTunnel.appex */,
			);
			name = Products;
			sourceTree = "<group>";
		};
		A70000010000000000000005 /* Sources */ = {
			isa = PBXGroup;
			children = (
			);
			path = Sources;
			sourceTree = "<group>";
		};
		A70000010000000000000006 /* Tests */ = {
			isa = PBXGroup;
			children = (
			);
			path = Tests;
			sourceTree = "<group>";
		};
		A70000010000000000000007 /* Frameworks */ = {
			isa = PBXGroup;
			children = (
			);
			name = Frameworks;
			sourceTree = "<group>";
		};
/* End PBXGroup section */

/* Begin PBXNativeTarget section */
		A50000010000000000000001 /* SSH2VPN */ = {
			isa = PBXNativeTarget;
			buildConfigurationList = A80000010000000000000001 /* Build configuration list for PBXNativeTarget "SSH2VPN" */;
			buildPhases = (
				A60000010000000000000006 /* Sources */,
				A60000010000000000000002 /* Frameworks */,
				A60000010000000000000007 /* Resources */,
				A60000010000000000000001 /* Embed Foundation Extensions */,
			);
			buildRules = (
			);
			dependencies = (
				A90000010000000000000001 /* PBXTargetDependency */,
			);
			name = SSH2VPN;
			packageProductDependencies = (
				C10000010000000000000004 /* VPNCore */,
				C10000010000000000000020 /* GoogleMobileAds */,
			);
			productName = SSH2VPN;
			productReference = A20000010000000000000007 /* SSH2VPN.app */;
			productType = "com.apple.product-type.application";
		};
		A50000010000000000000002 /* PacketTunnel */ = {
			isa = PBXNativeTarget;
			buildConfigurationList = A80000010000000000000002 /* Build configuration list for PBXNativeTarget "PacketTunnel" */;
			buildPhases = (
				A60000010000000000000005 /* Sources */,
				A60000010000000000000003 /* Frameworks */,
				A60000010000000000000004 /* Resources */,
			);
			buildRules = (
			);
			dependencies = (
			);
			name = PacketTunnel;
			packageProductDependencies = (
				C10000010000000000000004 /* VPNCore */,
			);
			productName = PacketTunnel;
			productReference = A20000010000000000000008 /* PacketTunnel.appex */;
			productType = "com.apple.product-type.app-extension";
		};
/* End PBXNativeTarget section */

/* Begin PBXProject section */
		A40000010000000000000001 /* Project object */ = {
			isa = PBXProject;
			attributes = {
				LastUpgradeCheck = 2640;
				TargetAttributes = {
					A50000010000000000000001 = {
						CreatedOnToolsVersion = 26.4;
					};
					A50000010000000000000002 = {
						CreatedOnToolsVersion = 26.4;
					};
				};
			};
			buildConfigurationList = A80000010000000000000003 /* Build configuration list for PBXProject "SSH2VPN" */;
			compatibilityVersion = "Xcode 16.0";
			developmentRegion = en;
			hasScannedForEncodings = 0;
			knownRegions = (
				en,
				Base,
				ru,
				es,
				de,
				fr,
				it,
				"pt-BR",
				ja,
				"zh-Hans",
				ko,
				ar,
				hi,
				th,
				tr,
				pl,
				nl,
				vi,
			);
			mainGroup = A70000010000000000000001;
			packageReferences = (
				C20000010000000000000003 /* XCLocalSwiftPackageReference "." */,
				C50000010000000000000020 /* XCRemoteSwiftPackageReference "swift-package-manager-google-mobile-ads" */,
			);
			productRefGroup = A70000010000000000000004 /* Products */;
			projectDirPath = "";
			projectRoot = "";
			targets = (
				A50000010000000000000001 /* SSH2VPN */,
				A50000010000000000000002 /* PacketTunnel */,
			);
		};
/* End PBXProject section */

/* Begin PBXResourcesBuildPhase section */
		A60000010000000000000004 /* Resources */ = {
			isa = PBXResourcesBuildPhase;
			buildActionMask = 2147483647;
			files = (
				A10000010000000000000054 /* PrivacyInfo.xcprivacy in Resources */,
			);
			runOnlyForDeploymentPostprocessing = 0;
		};
		A60000010000000000000007 /* Resources */ = {
			isa = PBXResourcesBuildPhase;
			buildActionMask = 2147483647;
			files = (
				A10000010000000000000020 /* Assets.xcassets in Resources */,
				A10000010000000000000030 /* opensans_regular.ttf in Resources */,
				A10000010000000000000031 /* opensans_bold.ttf in Resources */,
				A10000010000000000000032 /* opensans_semibold.ttf in Resources */,
				A10000010000000000000033 /* opensans_medium.ttf in Resources */,
				A10000010000000000000034 /* opensans_light.ttf in Resources */,
				A10000010000000000000053 /* PrivacyInfo.xcprivacy in Resources */,
				A10000010000000000000044 /* Docs/index.html in Resources */,
				A10000010000000000000052 /* Docs/logo.png in Resources */,
				A10000010000000000000055 /* Docs/shot-connected.png in Resources */,
				A10000010000000000000060 /* InfoPlist.strings in Resources */,
				A10000010000000000000049 /* Docs/privacy.html in Resources */,
				A10000010000000000000048 /* Docs/terms.html in Resources */,
			);
			runOnlyForDeploymentPostprocessing = 0;
		};
/* End PBXResourcesBuildPhase section */

/* Begin PBXSourcesBuildPhase section */
		A60000010000000000000005 /* Sources */ = {
			isa = PBXSourcesBuildPhase;
			buildActionMask = 2147483647;
			files = (
				A10000010000000000000004 /* PacketTunnelProvider.swift in Sources */,
				E70000010000000000000002 /* GatewayScript.swift in Sources */,
				A10000010000000000000017 /* PacketTunnelPacketLoop.swift in Sources */,
				A10000010000000000000019 /* KeychainStore.swift in Sources */,
			);
			runOnlyForDeploymentPostprocessing = 0;
		};
		A60000010000000000000006 /* Sources */ = {
			isa = PBXSourcesBuildPhase;
			buildActionMask = 2147483647;
			files = (
				A10000010000000000000001 /* SSH2VPNApp.swift in Sources */,
				A10000010000000000000002 /* Localization.swift in Sources */,
				A10000010000000000000003 /* RootView.swift in Sources */,
				A10000010000000000000006 /* Copy.swift in Sources */,
				A1000001000000000000009A /* CopyDNS.swift in Sources */,
				A10000010000000000000018 /* KeychainStore.swift in Sources */,
				A10000010000000000000040 /* ServerMetadataResolver.swift in Sources */,
				A10000010000000000000041 /* HackerConsoleSidebarView.swift in Sources */,
				A10000010000000000000042 /* StoreManager.swift in Sources */,
				A10000010000000000000043 /* DocsView.swift in Sources */,
				A10000010000000000000045 /* PaywallView.swift in Sources */,
				A10000010000000000000046 /* AddServerChooserView.swift in Sources */,
				A10000010000000000000047 /* ImportCredentialsView.swift in Sources */,
				A10000010000000000000051 /* AdsManager.swift in Sources */,
			);
			runOnlyForDeploymentPostprocessing = 0;
		};
/* End PBXSourcesBuildPhase section */

/* Begin PBXTargetDependency section */
		A90000010000000000000001 /* PBXTargetDependency */ = {
			isa = PBXTargetDependency;
			target = A50000010000000000000002 /* PacketTunnel */;
			targetProxy = A30000010000000000000001 /* PBXContainerItemProxy */;
		};
/* End PBXTargetDependency section */

/* Begin PBXVariantGroup section */
		A20000010000000000000060 /* InfoPlist.strings */ = {
			isa = PBXVariantGroup;
			children = (
				A20000010000000000000061 /* en */,
				A20000010000000000000062 /* ru */,
				A20000010000000000000063 /* es */,
				A20000010000000000000064 /* de */,
				A20000010000000000000065 /* fr */,
				A20000010000000000000066 /* it */,
				A20000010000000000000067 /* pt-BR */,
				A20000010000000000000068 /* ja */,
				A20000010000000000000069 /* zh-Hans */,
				A2000001000000000000006A /* ko */,
				A2000001000000000000006B /* ar */,
				A2000001000000000000006C /* hi */,
				A2000001000000000000006D /* th */,
				A2000001000000000000006E /* tr */,
				A2000001000000000000006F /* pl */,
				A20000010000000000000070 /* nl */,
				A20000010000000000000071 /* vi */,
			);
			name = InfoPlist.strings;
			sourceTree = "<group>";
		};
/* End PBXVariantGroup section */

/* Begin XCBuildConfiguration section */
		B00000010000000000000001 /* Debug */ = {
			isa = XCBuildConfiguration;
			buildSettings = {
				ASSETCATALOG_COMPILER_APPICON_NAME = AppIcon;
				CODE_SIGN_ENTITLEMENTS = App/SSH2VPN.entitlements;
				CODE_SIGN_IDENTITY = "Apple Development";
				CODE_SIGN_STYLE = Automatic;
				DEVELOPMENT_TEAM = 326TF9BQ3C;
				INFOPLIST_FILE = App/Info.plist;
				IPHONEOS_DEPLOYMENT_TARGET = 18.0;
				LD_RUNPATH_SEARCH_PATHS = (
					"$(inherited)",
					"@executable_path/Frameworks",
				);
				OTHER_LDFLAGS = (
					"$(inherited)",
					"-ObjC",
				);
				PRODUCT_BUNDLE_IDENTIFIER = com.ssh2vpn.app;
				PRODUCT_NAME = "$(TARGET_NAME)";
				PROVISIONING_PROFILE_SPECIFIER = "";
				SUPPORTED_PLATFORMS = "iphoneos iphonesimulator";
				SWIFT_VERSION = 6.0;
				TARGETED_DEVICE_FAMILY = "1,2";
			};
			name = Debug;
		};
		B00000010000000000000002 /* Release */ = {
			isa = XCBuildConfiguration;
			buildSettings = {
				ASSETCATALOG_COMPILER_APPICON_NAME = AppIcon;
				CODE_SIGN_ENTITLEMENTS = App/SSH2VPN.entitlements;
				CODE_SIGN_IDENTITY = "Apple Development";
				CODE_SIGN_STYLE = Automatic;
				DEVELOPMENT_TEAM = 326TF9BQ3C;
				INFOPLIST_FILE = App/Info.plist;
				IPHONEOS_DEPLOYMENT_TARGET = 18.0;
				LD_RUNPATH_SEARCH_PATHS = (
					"$(inherited)",
					"@executable_path/Frameworks",
				);
				OTHER_LDFLAGS = (
					"$(inherited)",
					"-ObjC",
				);
				PRODUCT_BUNDLE_IDENTIFIER = com.ssh2vpn.app;
				PRODUCT_NAME = "$(TARGET_NAME)";
				PROVISIONING_PROFILE_SPECIFIER = "";
				SUPPORTED_PLATFORMS = "iphoneos iphonesimulator";
				SWIFT_VERSION = 6.0;
				TARGETED_DEVICE_FAMILY = "1,2";
			};
			name = Release;
		};
		B00000010000000000000003 /* Debug */ = {
			isa = XCBuildConfiguration;
			buildSettings = {
				CODE_SIGN_ENTITLEMENTS = App/SSH2VPNPacketTunnel.entitlements;
				CODE_SIGN_IDENTITY = "Apple Development";
				CODE_SIGN_STYLE = Automatic;
				DEVELOPMENT_TEAM = 326TF9BQ3C;
				INFOPLIST_FILE = "App/PacketTunnel-Info.plist";
				IPHONEOS_DEPLOYMENT_TARGET = 18.0;
				PRODUCT_BUNDLE_IDENTIFIER = "com.ssh2vpn.app.packet-tunnel";
				PRODUCT_NAME = "$(TARGET_NAME)";
				SUPPORTED_PLATFORMS = "iphoneos iphonesimulator";
				SWIFT_VERSION = 6.0;
				TARGETED_DEVICE_FAMILY = "1,2";
			};
			name = Debug;
		};
		B00000010000000000000004 /* Release */ = {
			isa = XCBuildConfiguration;
			buildSettings = {
				CODE_SIGN_ENTITLEMENTS = App/SSH2VPNPacketTunnel.entitlements;
				CODE_SIGN_IDENTITY = "Apple Development";
				CODE_SIGN_STYLE = Automatic;
				DEVELOPMENT_TEAM = 326TF9BQ3C;
				INFOPLIST_FILE = "App/PacketTunnel-Info.plist";
				IPHONEOS_DEPLOYMENT_TARGET = 18.0;
				PRODUCT_BUNDLE_IDENTIFIER = "com.ssh2vpn.app.packet-tunnel";
				PRODUCT_NAME = "$(TARGET_NAME)";
				SUPPORTED_PLATFORMS = "iphoneos iphonesimulator";
				SWIFT_VERSION = 6.0;
				TARGETED_DEVICE_FAMILY = "1,2";
			};
			name = Release;
		};
		B00000010000000000000005 /* Debug */ = {
			isa = XCBuildConfiguration;
			buildSettings = {
				ALWAYS_SEARCH_USER_PATHS = NO;
				CLANG_ENABLE_MODULES = YES;
				SUPPORTED_PLATFORMS = "iphoneos iphonesimulator";
				SWIFT_VERSION = 6.0;
			};
			name = Debug;
		};
		B00000010000000000000006 /* Release */ = {
			isa = XCBuildConfiguration;
			buildSettings = {
				ALWAYS_SEARCH_USER_PATHS = NO;
				CLANG_ENABLE_MODULES = YES;
				SUPPORTED_PLATFORMS = "iphoneos iphonesimulator";
				SWIFT_VERSION = 6.0;
			};
			name = Release;
		};
/* End XCBuildConfiguration section */

/* Begin XCConfigurationList section */
		A80000010000000000000001 /* Build configuration list for PBXNativeTarget "SSH2VPN" */ = {
			isa = XCConfigurationList;
			buildConfigurations = (
				B00000010000000000000001 /* Debug */,
				B00000010000000000000002 /* Release */,
			);
			defaultConfigurationIsVisible = 0;
			defaultConfigurationName = Release;
		};
		A80000010000000000000002 /* Build configuration list for PBXNativeTarget "PacketTunnel" */ = {
			isa = XCConfigurationList;
			buildConfigurations = (
				B00000010000000000000003 /* Debug */,
				B00000010000000000000004 /* Release */,
			);
			defaultConfigurationIsVisible = 0;
			defaultConfigurationName = Release;
		};
		A80000010000000000000003 /* Build configuration list for PBXProject "SSH2VPN" */ = {
			isa = XCConfigurationList;
			buildConfigurations = (
				B00000010000000000000005 /* Debug */,
				B00000010000000000000006 /* Release */,
			);
			defaultConfigurationIsVisible = 0;
			defaultConfigurationName = Release;
		};
/* End XCConfigurationList section */

/* Begin XCLocalSwiftPackageReference section */
		C20000010000000000000003 /* XCLocalSwiftPackageReference "." */ = {
			isa = XCLocalSwiftPackageReference;
			relativePath = .;
		};
/* End XCLocalSwiftPackageReference section */

/* Begin XCRemoteSwiftPackageReference section */
		C50000010000000000000020 /* XCRemoteSwiftPackageReference "swift-package-manager-google-mobile-ads" */ = {
			isa = XCRemoteSwiftPackageReference;
			repositoryURL = "https://github.com/googleads/swift-package-manager-google-mobile-ads.git";
			requirement = {
				kind = exactVersion;
				version = 13.3.0;
			};
		};
/* End XCRemoteSwiftPackageReference section */

/* Begin XCSwiftPackageProductDependency section */
		C10000010000000000000004 /* VPNCore */ = {
			isa = XCSwiftPackageProductDependency;
			package = C20000010000000000000003 /* XCLocalSwiftPackageReference "." */;
			productName = VPNCore;
		};
		C10000010000000000000020 /* GoogleMobileAds */ = {
			isa = XCSwiftPackageProductDependency;
			package = C50000010000000000000020 /* XCRemoteSwiftPackageReference "swift-package-manager-google-mobile-ads" */;
			productName = GoogleMobileAds;
		};
/* End XCSwiftPackageProductDependency section */
	};
	rootObject = A40000010000000000000001 /* Project object */;
}
